// !$*UTF8*$!
{
	archiveVersion = 1;
	classes = {
	};
	objectVersion = 50;
	objects = {

/* Begin PBXBuildFile section */
		7E3C83FB2361E155005849BE /* AppDelegate.swift in Sources */ = {isa = PBXBuildFile; fileRef = 7E3C83FA2361E155005849BE /* AppDelegate.swift */; };
		7E3C83FD2361E155005849BE /* SceneDelegate.swift in Sources */ = {isa = PBXBuildFile; fileRef = 7E3C83FC2361E155005849BE /* SceneDelegate.swift */; };
		7E3C83FF2361E155005849BE /* ViewController.swift in Sources */ = {isa = PBXBuildFile; fileRef = 7E3C83FE2361E155005849BE /* ViewController.swift */; };
		7E3C84022361E155005849BE /* Main.storyboard in Resources */ = {isa = PBXBuildFile; fileRef = 7E3C84002361E155005849BE /* Main.storyboard */; };
		7E3C84042361E157005849BE /* Assets.xcassets in Resources */ = {isa = PBXBuildFile; fileRef = 7E3C84032361E157005849BE /* Assets.xcassets */; };
		7E3C84072361E157005849BE /* LaunchScreen.storyboard in Resources */ = {isa = PBXBuildFile; fileRef = 7E3C84052361E157005849BE /* LaunchScreen.storyboard */; };
		7E3C84202361E7F4005849BE /* bg_blue@2x.png in Resources */ = {isa = PBXBuildFile; fileRef = 7E3C84102361E7F4005849BE /* bg_blue@2x.png */; };
		7E3C84212361E7F4005849BE /* gacha@2x (1).png in Resources */ = {isa = PBXBuildFile; fileRef = 7E3C84112361E7F4005849BE /* gacha@2x (1).png */; };
		7E3C84222361E7F4005849BE /* bg_gold@2x.png in Resources */ = {isa = PBXBuildFile; fileRef = 7E3C84122361E7F4005849BE /* bg_gold@2x.png */; };
		7E3C84232361E7F4005849BE /* gacha@2x.png in Resources */ = {isa = PBXBuildFile; fileRef = 7E3C84132361E7F4005849BE /* gacha@2x.png */; };
		7E3C84242361E7F4005849BE /* bg_red@2x.png in Resources */ = {isa = PBXBuildFile; fileRef = 7E3C84142361E7F4005849BE /* bg_red@2x.png */; };
		7E3C84252361E7F4005849BE /* monster005.png in Resources */ = {isa = PBXBuildFile; fileRef = 7E3C84162361E7F4005849BE /* monster005.png */; };
		7E3C84262361E7F4005849BE /* monster010.png in Resources */ = {isa = PBXBuildFile; fileRef = 7E3C84172361E7F4005849BE /* monster010.png */; };
		7E3C84272361E7F4005849BE /* monster004.png in Resources */ = {isa = PBXBuildFile; fileRef = 7E3C84182361E7F4005849BE /* monster004.png */; };
		7E3C84282361E7F4005849BE /* monster006.png in Resources */ = {isa = PBXBuildFile; fileRef = 7E3C84192361E7F4005849BE /* monster006.png */; };
		7E3C84292361E7F4005849BE /* monster007.png in Resources */ = {isa = PBXBuildFile; fileRef = 7E3C841A2361E7F4005849BE /* monster007.png */; };
		7E3C842A2361E7F4005849BE /* monster003.png in Resources */ = {isa = PBXBuildFile; fileRef = 7E3C841B2361E7F4005849BE /* monster003.png */; };
		7E3C842B2361E7F4005849BE /* monster002.png in Resources */ = {isa = PBXBuildFile; fileRef = 7E3C841C2361E7F4005849BE /* monster002.png */; };
		7E3C842C2361E7F4005849BE /* monster001.png in Resources */ = {isa = PBXBuildFile; fileRef = 7E3C841D2361E7F4005849BE /* monster001.png */; };
		7E3C842D2361E7F4005849BE /* monster009.png in Resources */ = {isa = PBXBuildFile; fileRef = 7E3C841E2361E7F4005849BE /* monster009.png */; };
		7E3C842E2361E7F4005849BE /* monster008.png in Resources */ = {isa = PBXBuildFile; fileRef = 7E3C841F2361E7F4005849BE /* monster008.png */; };
		7E3C8430236200DB005849BE /* ResultViewController.swift in Sources */ = {isa = PBXBuildFile; fileRef = 7E3C842F236200DB005849BE /* ResultViewController.swift */; };
/* End PBXBuildFile section */

/* Begin PBXFileReference section */
		7E3C83F72361E155005849BE /* Gacha2.app */ = {isa = PBXFileReference; explicitFileType = wrapper.application; includeInIndex = 0; path = Gacha2.app; sourceTree = BUILT_PRODUCTS_DIR; };
		7E3C83FA2361E155005849BE /* AppDelegate.swift */ = {isa = PBXFileReference; lastKnownFileType = sourcecode.swift; path = AppDelegate.swift; sourceTree = "<group>"; };
		7E3C83FC2361E155005849BE /* SceneDelegate.swift */ = {isa = PBXFileReference; lastKnownFileType = sourcecode.swift; path = SceneDelegate.swift; sourceTree = "<group>"; };
		7E3C83FE2361E155005849BE /* ViewController.swift */ = {isa = PBXFileReference; lastKnownFileType = sourcecode.swift; path = ViewController.swift; sourceTree = "<group>"; };
		7E3C84012361E155005849BE /* Base */ = {isa = PBXFileReference; lastKnownFileType = file.storyboard; name = Base; path = Base.lproj/Main.storyboard; sourceTree = "<group>"; };
		7E3C84032361E157005849BE /* Assets.xcassets */ = {isa = PBXFileReference; lastKnownFileType = folder.assetcatalog; path = Assets.xcassets; sourceTree = "<group>"; };
		7E3C84062361E157005849BE /* Base */ = {isa = PBXFileReference; lastKnownFileType = file.storyboard; name = Base; path = Base.lproj/LaunchScreen.storyboard; sourceTree = "<group>"; };
		7E3C84082361E157005849BE /* Info.plist */ = {isa = PBXFileReference; lastKnownFileType = text.plist.xml; path = Info.plist; sourceTree = "<group>"; };
		7E3C84102361E7F4005849BE /* bg_blue@2x.png */ = {isa = PBXFileReference; lastKnownFileType = image.png; path = "bg_blue@2x.png"; sourceTree = "<group>"; };
		7E3C84112361E7F4005849BE /* gacha@2x (1).png */ = {isa = PBXFileReference; lastKnownFileType = image.png; path = "gacha@2x (1).png"; sourceTree = "<group>"; };
		7E3C84122361E7F4005849BE /* bg_gold@2x.png */ = {isa = PBXFileReference; lastKnownFileType = image.png; path = "bg_gold@2x.png"; sourceTree = "<group>"; };
		7E3C84132361E7F4005849BE /* gacha@2x.png */ = {isa = PBXFileReference; lastKnownFileType = image.png; path = "gacha@2x.png"; sourceTree = "<group>"; };
		7E3C84142361E7F4005849BE /* bg_red@2x.png */ = {isa = PBXFileReference; lastKnownFileType = image.png; path = "bg_red@2x.png"; sourceTree = "<group>"; };
		7E3C84162361E7F4005849BE /* monster005.png */ = {isa = PBXFileReference; lastKnownFileType = image.png; path = monster005.png; sourceTree = "<group>"; };
		7E3C84172361E7F4005849BE /* monster010.png */ = {isa = PBXFileReference; lastKnownFileType = image.png; path = monster010.png; sourceTree = "<group>"; };
		7E3C84182361E7F4005849BE /* monster004.png */ = {isa = PBXFileReference; lastKnownFileType = image.png; path = monster004.png; sourceTree = "<group>"; };
		7E3C84192361E7F4005849BE /* monster006.png */ = {isa = PBXFileReference; lastKnownFileType = image.png; path = monster006.png; sourceTree = "<group>"; };
		7E3C841A2361E7F4005849BE /* monster007.png */ = {isa = PBXFileReference; lastKnownFileType = image.png; path = monster007.png; sourceTree = "<group>"; };
		7E3C841B2361E7F4005849BE /* monster003.png */ = {isa = PBXFileReference; lastKnownFileType = image.png; path = monster003.png; sourceTree = "<group>"; };
		7E3C841C2361E7F4005849BE /* monster002.png */ = {isa = PBXFileReference; lastKnownFileType = image.png; path = monster002.png; sourceTree = "<group>"; };
		7E3C841D2361E7F4005849BE /* monster001.png */ = {isa = PBXFileReference; lastKnownFileType = image.png; path = monster001.png; sourceTree = "<group>"; };
		7E3C841E2361E7F4005849BE /* monster009.png */ = {isa = PBXFileReference; lastKnownFileType = image.png; path = monster009.png; sourceTree = "<group>"; };
		7E3C841F2361E7F4005849BE /* monster008.png */ = {isa = PBXFileReference; lastKnownFileType = image.png; path = monster008.png; sourceTree = "<group>"; };
		7E3C842F236200DB005849BE /* ResultViewController.swift */ = {isa = PBXFileReference; lastKnownFileType = sourcecode.swift; path = ResultViewController.swift; sourceTree = "<group>"; };
/* End PBXFileReference section */

/* Begin PBXFrameworksBuildPhase section */
		7E3C83F42361E155005849BE /* Frameworks */ = {
			isa = PBXFrameworksBuildPhase;
			buildActionMask = 2147483647;
			files = (
			);
			runOnlyForDeploymentPostprocessing = 0;
		};
/* End PBXFrameworksBuildPhase section */

/* Begin PBXGroup section */
		7E3C83EE2361E155005849BE = {
			isa = PBXGroup;
			children = (
				7E3C83F92361E155005849BE /* Gacha2 */,
				7E3C83F82361E155005849BE /* Products */,
			);
			sourceTree = "<group>";
		};
		7E3C83F82361E155005849BE /* Products */ = {
			isa = PBXGroup;
			children = (
				7E3C83F72361E155005849BE /* Gacha2.app */,
			);
			name = Products;
			sourceTree = "<group>";
		};
		7E3C83F92361E155005849BE /* Gacha2 */ = {
			isa = PBXGroup;
			children = (
				7E3C840E2361E7F4005849BE /* GachaResources */,
				7E3C83FA2361E155005849BE /* AppDelegate.swift */,
				7E3C83FC2361E155005849BE /* SceneDelegate.swift */,
				7E3C83FE2361E155005849BE /* ViewController.swift */,
				7E3C842F236200DB005849BE /* ResultViewController.swift */,
				7E3C84002361E155005849BE /* Main.storyboard */,
				7E3C84032361E157005849BE /* Assets.xcassets */,
				7E3C84052361E157005849BE /* LaunchScreen.storyboard */,
				7E3C84082361E157005849BE /* Info.plist */,
			);
			path = Gacha2;
			sourceTree = "<group>";
		};
		7E3C840E2361E7F4005849BE /* GachaResources */ = {
			isa = PBXGroup;
			children = (
				7E3C840F2361E7F4005849BE /* background */,
				7E3C84152361E7F4005849BE /* monster */,
			);
			path = GachaResources;
			sourceTree = "<group>";
		};
		7E3C840F2361E7F4005849BE /* background */ = {
			isa = PBXGroup;
			children = (
				7E3C84102361E7F4005849BE /* bg_blue@2x.png */,
				7E3C84112361E7F4005849BE /* gacha@2x (1).png */,
				7E3C84122361E7F4005849BE /* bg_gold@2x.png */,
				7E3C84132361E7F4005849BE /* gacha@2x.png */,
				7E3C84142361E7F4005849BE /* bg_red@2x.png */,
			);
			path = background;
			sourceTree = "<group>";
		};
		7E3C84152361E7F4005849BE /* monster */ = {
			isa = PBXGroup;
			children = (
				7E3C84162361E7F4005849BE /* monster005.png */,
				7E3C84172361E7F4005849BE /* monster010.png */,
				7E3C84182361E7F4005849BE /* monster004.png */,
				7E3C84192361E7F4005849BE /* monster006.png */,
				7E3C841A2361E7F4005849BE /* monster007.png */,
				7E3C841B2361E7F4005849BE /* monster003.png */,
				7E3C841C2361E7F4005849BE /* monster002.png */,
				7E3C841D2361E7F4005849BE /* monster001.png */,
				7E3C841E2361E7F4005849BE /* monster009.png */,
				7E3C841F2361E7F4005849BE /* monster008.png */,
			);
			path = monster;
			sourceTree = "<group>";
		};
/* End PBXGroup section */

/* Begin PBXNativeTarget section */
		7E3C83F62361E155005849BE /* Gacha2 */ = {
			isa = PBXNativeTarget;
			buildConfigurationList = 7E3C840B2361E157005849BE /* Build configuration list for PBXNativeTarget "Gacha2" */;
			buildPhases = (
				7E3C83F32361E155005849BE /* Sources */,
				7E3C83F42361E155005849BE /* Frameworks */,
				7E3C83F52361E155005849BE /* Resources */,
			);
			buildRules = (
			);
			dependencies = (
			);
			name = Gacha2;
			productName = Gacha2;
			productReference = 7E3C83F72361E155005849BE /* Gacha2.app */;
			productType = "com.apple.product-type.application";
		};
/* End PBXNativeTarget section */

/* Begin PBXProject section */
		7E3C83EF2361E155005849BE /* Project object */ = {
			isa = PBXProject;
			attributes = {
				LastSwiftUpdateCheck = 1110;
				LastUpgradeCheck = 1110;
				ORGANIZATIONNAME = com.litech;
				TargetAttributes = {
					7E3C83F62361E155005849BE = {
						CreatedOnToolsVersion = 11.1;
					};
				};
			};
			buildConfigurationList = 7E3C83F22361E155005849BE /* Build configuration list for PBXProject "Gacha2" */;
			compatibilityVersion = "Xcode 9.3";
			developmentRegion = en;
			hasScannedForEncodings = 0;
			knownRegions = (
				en,
				Base,
			);
			mainGroup = 7E3C83EE2361E155005849BE;
			productRefGroup = 7E3C83F82361E155005849BE /* Products */;
			projectDirPath = "";
			projectRoot = "";
			targets = (
				7E3C83F62361E155005849BE /* Gacha2 */,
			);
		};
/* End PBXProject section */

/* Begin PBXResourcesBuildPhase section */
		7E3C83F52361E155005849BE /* Resources */ = {
			isa = PBXResourcesBuildPhase;
			buildActionMask = 2147483647;
			files = (
				7E3C84072361E157005849BE /* LaunchScreen.storyboard in Resources */,
				7E3C84042361E157005849BE /* Assets.xcassets in Resources */,
				7E3C84022361E155005849BE /* Main.storyboard in Resources */,
				7E3C842E2361E7F4005849BE /* monster008.png in Resources */,
				7E3C84202361E7F4005849BE /* bg_blue@2x.png in Resources */,
				7E3C84272361E7F4005849BE /* monster004.png in Resources */,
				7E3C84262361E7F4005849BE /* monster010.png in Resources */,
				7E3C84212361E7F4005849BE /* gacha@2x (1).png in Resources */,
				7E3C84242361E7F4005849BE /* bg_red@2x.png in Resources */,
				7E3C84252361E7F4005849BE /* monster005.png in Resources */,
				7E3C842D2361E7F4005849BE /* monster009.png in Resources */,
				7E3C842B2361E7F4005849BE /* monster002.png in Resources */,
				7E3C842C2361E7F4005849BE /* monster001.png in Resources */,
				7E3C84222361E7F4005849BE /* bg_gold@2x.png in Resources */,
				7E3C842A2361E7F4005849BE /* monster003.png in Resources */,
				7E3C84232361E7F4005849BE /* gacha@2x.png in Resources */,
				7E3C84292361E7F4005849BE /* monster007.png in Resources */,
				7E3C84282361E7F4005849BE /* monster006.png in Resources */,
			);
			runOnlyForDeploymentPostprocessing = 0;
		};
/* End PBXResourcesBuildPhase section */

/* Begin PBXSourcesBuildPhase section */
		7E3C83F32361E155005849BE /* Sources */ = {
			isa = PBXSourcesBuildPhase;
			buildActionMask = 2147483647;
			files = (
				7E3C83FF2361E155005849BE /* ViewController.swift in Sources */,
				7E3C83FB2361E155005849BE /* AppDelegate.swift in Sources */,
				7E3C83FD2361E155005849BE /* SceneDelegate.swift in Sources */,
				7E3C8430236200DB005849BE /* ResultViewController.swift in Sources */,
			);
			runOnlyForDeploymentPostprocessing = 0;
		};
/* End PBXSourcesBuildPhase section */

/* Begin PBXVariantGroup section */
		7E3C84002361E155005849BE /* Main.storyboard */ = {
			isa = PBXVariantGroup;
			children = (
				7E3C84012361E155005849BE /* Base */,
			);
			name = Main.storyboard;
			sourceTree = "<group>";
		};
		7E3C84052361E157005849BE /* LaunchScreen.storyboard */ = {
			isa = PBXVariantGroup;
			children = (
				7E3C84062361E157005849BE /* Base */,
			);
			name = LaunchScreen.storyboard;
			sourceTree = "<group>";
		};
/* End PBXVariantGroup section */

/* Begin XCBuildConfiguration section */
		7E3C84092361E157005849BE /* Debug */ = {
			isa = XCBuildConfiguration;
			buildSettings = {
				ALWAYS_SEARCH_USER_PATHS = NO;
				CLANG_ANALYZER_NONNULL = YES;
				CLANG_ANALYZER_NUMBER_OBJECT_CONVERSION = YES_AGGRESSIVE;
				CLANG_CXX_LANGUAGE_STANDARD = "gnu++14";
				CLANG_CXX_LIBRARY = "libc++";
				CLANG_ENABLE_MODULES = YES;
				CLANG_ENABLE_OBJC_ARC = YES;
				CLANG_ENABLE_OBJC_WEAK = YES;
				CLANG_WARN_BLOCK_CAPTURE_AUTORELEASING = YES;
				CLANG_WARN_BOOL_CONVERSION = YES;
				CLANG_WARN_COMMA = YES;
				CLANG_WARN_CONSTANT_CONVERSION = YES;
				CLANG_WARN_DEPRECATED_OBJC_IMPLEMENTATIONS = YES;
				CLANG_WARN_DIRECT_OBJC_ISA_USAGE = YES_ERROR;
				CLANG_WARN_DOCUMENTATION_COMMENTS = YES;
				CLANG_WARN_EMPTY_BODY = YES;
				CLANG_WARN_ENUM_CONVERSION = YES;
				CLANG_WARN_INFINITE_RECURSION = YES;
				CLANG_WARN_INT_CONVERSION = YES;
				CLANG_WARN_NON_LITERAL_NULL_CONVERSION = YES;
				CLANG_WARN_OBJC_IMPLICIT_RETAIN_SELF = YES;
				CLANG_WARN_OBJC_LITERAL_CONVERSION = YES;
				CLANG_WARN_OBJC_ROOT_CLASS = YES_ERROR;
				CLANG_WARN_RANGE_LOOP_ANALYSIS = YES;
				CLANG_WARN_STRICT_PROTOTYPES = YES;
				CLANG_WARN_SUSPICIOUS_MOVE = YES;
				CLANG_WARN_UNGUARDED_AVAILABILITY = YES_AGGRESSIVE;
				CLANG_WARN_UNREACHABLE_CODE = YES;
				CLANG_WARN__DUPLICATE_METHOD_MATCH = YES;
				COPY_PHASE_STRIP = NO;
				DEBUG_INFORMATION_FORMAT = dwarf;
				ENABLE_STRICT_OBJC_MSGSEND = YES;
				ENABLE_TESTABILITY = YES;
				GCC_C_LANGUAGE_STANDARD = gnu11;
				GCC_DYNAMIC_NO_PIC = NO;
				GCC_NO_COMMON_BLOCKS = YES;
				GCC_OPTIMIZATION_LEVEL = 0;
				GCC_PREPROCESSOR_DEFINITIONS = (
					"DEBUG=1",
					"$(inherited)",
				);
				GCC_WARN_64_TO_32_BIT_CONVERSION = YES;
				GCC_WARN_ABOUT_RETURN_TYPE = YES_ERROR;
				GCC_WARN_UNDECLARED_SELECTOR = YES;
				GCC_WARN_UNINITIALIZED_AUTOS = YES_AGGRESSIVE;
				GCC_WARN_UNUSED_FUNCTION = YES;
				GCC_WARN_UNUSED_VARIABLE = YES;
				IPHONEOS_DEPLOYMENT_TARGET = 13.1;
				MTL_ENABLE_DEBUG_INFO = INCLUDE_SOURCE;
				MTL_FAST_MATH = YES;
				ONLY_ACTIVE_ARCH = YES;
				SDKROOT = iphoneos;
				SWIFT_ACTIVE_COMPILATION_CONDITIONS = DEBUG;
				SWIFT_OPTIMIZATION_LEVEL = "-Onone";
			};
			name = Debug;
		};
		7E3C840A2361E157005849BE /* Release */ = {
			isa = XCBuildConfiguration;
			buildSettings = {
				ALWAYS_SEARCH_USER_PATHS = NO;
				CLANG_ANALYZER_NONNULL = YES;
				CLANG_ANALYZER_NUMBER_OBJECT_CONVERSION = YES_AGGRESSIVE;
				CLANG_CXX_LANGUAGE_STANDARD = "gnu++14";
				CLANG_CXX_LIBRARY = "libc++";
				CLANG_ENABLE_MODULES = YES;
				CLANG_ENABLE_OBJC_ARC = YES;
				CLANG_ENABLE_OBJC_WEAK = YES;
				CLANG_WARN_BLOCK_CAPTURE_AUTORELEASING = YES;
				CLANG_WARN_BOOL_CONVERSION = YES;
				CLANG_WARN_COMMA = YES;
				CLANG_WARN_CONSTANT_CONVERSION = YES;
				CLANG_WARN_DEPRECATED_OBJC_IMPLEMENTATIONS = YES;
				CLANG_WARN_DIRECT_OBJC_ISA_USAGE = YES_ERROR;
				CLANG_WARN_DOCUMENTATION_COMMENTS = YES;
				CLANG_WARN_EMPTY_BODY = YES;
				CLANG_WARN_ENUM_CONVERSION = YES;
				CLANG_WARN_INFINITE_RECURSION = YES;
				CLANG_WARN_INT_CONVERSION = YES;
				CLANG_WARN_NON_LITERAL_NULL_CONVERSION = YES;
				CLANG_WARN_OBJC_IMPLICIT_RETAIN_SELF = YES;
				CLANG_WARN_OBJC_LITERAL_CONVERSION = YES;
				CLANG_WARN_OBJC_ROOT_CLASS = YES_ERROR;
				CLANG_WARN_RANGE_LOOP_ANALYSIS = YES;
				CLANG_WARN_STRICT_PROTOTYPES = YES;
				CLANG_WARN_SUSPICIOUS_MOVE = YES;
				CLANG_WARN_UNGUARDED_AVAILABILITY = YES_AGGRESSIVE;
				CLANG_WARN_UNREACHABLE_CODE = YES;
				CLANG_WARN__DUPLICATE_METHOD_MATCH = YES;
				COPY_PHASE_STRIP = NO;
				DEBUG_INFORMATION_FORMAT = "dwarf-with-dsym";
				ENABLE_NS_ASSERTIONS = NO;
				ENABLE_STRICT_OBJC_MSGSEND = YES;
				GCC_C_LANGUAGE_STANDARD = gnu11;
				GCC_NO_COMMON_BLOCKS = YES;
				GCC_WARN_64_TO_32_BIT_CONVERSION = YES;
				GCC_WARN_ABOUT_RETURN_TYPE = YES_ERROR;
				GCC_WARN_UNDECLARED_SELECTOR = YES;
				GCC_WARN_UNINITIALIZED_AUTOS = YES_AGGRESSIVE;
				GCC_WARN_UNUSED_FUNCTION = YES;
				GCC_WARN_UNUSED_VARIABLE = YES;
				IPHONEOS_DEPLOYMENT_TARGET = 13.1;
				MTL_ENABLE_DEBUG_INFO = NO;
				MTL_FAST_MATH = YES;
				SDKROOT = iphoneos;
				SWIFT_COMPILATION_MODE = wholemodule;
				SWIFT_OPTIMIZATION_LEVEL = "-O";
				VALIDATE_PRODUCT = YES;
			};
			name = Release;
		};
		7E3C840C2361E157005849BE /* Debug */ = {
			isa = XCBuildConfiguration;
			buildSettings = {
				ASSETCATALOG_COMPILER_APPICON_NAME = AppIcon;
				CODE_SIGN_STYLE = Automatic;
				INFOPLIST_FILE = Gacha2/Info.plist;
				LD_RUNPATH_SEARCH_PATHS = (
					"$(inherited)",
					"@executable_path/Frameworks",
				);
				PRODUCT_BUNDLE_IDENTIFIER = com.litech.Gacha2;
				PRODUCT_NAME = "$(TARGET_NAME)";
				SWIFT_VERSION = 5.0;
				TARGETED_DEVICE_FAMILY = "1,2";
			};
			name = Debug;
		};
		7E3C840D2361E157005849BE /* Release */ = {
			isa = XCBuildConfiguration;
			buildSettings = {
				ASSETCATALOG_COMPILER_APPICON_NAME = AppIcon;
				CODE_SIGN_STYLE = Automatic;
				INFOPLIST_FILE = Gacha2/Info.plist;
				LD_RUNPATH_SEARCH_PATHS = (
					"$(inherited)",
					"@executable_path/Frameworks",
				);
				PRODUCT_BUNDLE_IDENTIFIER = com.litech.Gacha2;
				PRODUCT_NAME = "$(TARGET_NAME)";
				SWIFT_VERSION = 5.0;
				TARGETED_DEVICE_FAMILY = "1,2";
			};
			name = Release;
		};
/* End XCBuildConfiguration section */

/* Begin XCConfigurationList section */
		7E3C83F22361E155005849BE /* Build configuration list for PBXProject "Gacha2" */ = {
			isa = XCConfigurationList;
			buildConfigurations = (
				7E3C84092361E157005849BE /* Debug */,
				7E3C840A2361E157005849BE /* Release */,
			);
			defaultConfigurationIsVisible = 0;
			defaultConfigurationName = Release;
		};
		7E3C840B2361E157005849BE /* Build configuration list for PBXNativeTarget "Gacha2" */ = {
			isa = XCConfigurationList;
			buildConfigurations = (
				7E3C840C2361E157005849BE /* Debug */,
				7E3C840D2361E157005849BE /* Release */,
			);
			defaultConfigurationIsVisible = 0;
			defaultConfigurationName = Release;
		};
/* End XCConfigurationList section */
	};
	rootObject = 7E3C83EF2361E155005849BE /* Project object */;
}
